# This file is generated by running "yarn install" inside your project.
# Manual changes might be lost - proceed with caution!

__metadata:
  version: 8
  cacheKey: 10c0

"@gear-js/api@npm:^0.38.1":
  version: 0.38.1
  resolution: "@gear-js/api@npm:0.38.1"
  peerDependencies:
    "@polkadot/api": 11.0.2
    "@polkadot/wasm-crypto": 7.3.2
    rxjs: 7.8.1
  checksum: 2adbeaf006ead72c0c18421ed1bb09908452f5ec1e094b0e9e6c96574d5f4c9eb35fa10567dfb5e7cce8ad122283e1e4879ca2f06d4e48e68f74985e9fd743a9
  languageName: node
  linkType: hard

"@noble/curves@npm:^1.3.0":
  version: 1.4.0
  resolution: "@noble/curves@npm:1.4.0"
  dependencies:
    "@noble/hashes": "npm:1.4.0"
  checksum: 31fbc370df91bcc5a920ca3f2ce69c8cf26dc94775a36124ed8a5a3faf0453badafd2ee4337061ffea1b43c623a90ee8b286a5a81604aaf9563bdad7ff795d18
  languageName: node
  linkType: hard

"@noble/hashes@npm:1.4.0, @noble/hashes@npm:^1.3.1, @noble/hashes@npm:^1.3.3":
  version: 1.4.0
  resolution: "@noble/hashes@npm:1.4.0"
  checksum: 8c3f005ee72e7b8f9cff756dfae1241485187254e3f743873e22073d63906863df5d4f13d441b7530ea614b7a093f0d889309f28b59850f33b66cb26a779a4a5
  languageName: node
  linkType: hard

"@polkadot-api/json-rpc-provider-proxy@npm:0.0.1":
  version: 0.0.1
  resolution: "@polkadot-api/json-rpc-provider-proxy@npm:0.0.1"
  checksum: 2e18848c362af7bb1361873237d38e17e17442729954e5ca800d95dcf39ca4f77e24054eb36254dec6d0969df31e3968814019dc4acaa55584985d4f31186811
  languageName: node
  linkType: hard

"@polkadot-api/json-rpc-provider@npm:0.0.1":
  version: 0.0.1
  resolution: "@polkadot-api/json-rpc-provider@npm:0.0.1"
  checksum: 90dc86693e7ef742c50484f4374d4b4f0eb7b5f7f618cf96a3dfed866fd18edf19132fc750b2944e8300d83c5601343f3876cbe60cd6bb1086301361d682ebd8
  languageName: node
  linkType: hard

"@polkadot-api/metadata-builders@npm:0.0.1":
  version: 0.0.1
  resolution: "@polkadot-api/metadata-builders@npm:0.0.1"
  dependencies:
    "@polkadot-api/substrate-bindings": "npm:0.0.1"
    "@polkadot-api/utils": "npm:0.0.1"
  checksum: 15cee1c05f61f324a72a8e81540297ffccd532d477233868cc6c8ef9c47ac6bcb174c686b2cb41336304d54b9b7a5cb1396cc482b97b78c1671c7316dad27839
  languageName: node
  linkType: hard

"@polkadot-api/observable-client@npm:0.1.0":
  version: 0.1.0
  resolution: "@polkadot-api/observable-client@npm:0.1.0"
  dependencies:
    "@polkadot-api/metadata-builders": "npm:0.0.1"
    "@polkadot-api/substrate-bindings": "npm:0.0.1"
    "@polkadot-api/substrate-client": "npm:0.0.1"
    "@polkadot-api/utils": "npm:0.0.1"
  peerDependencies:
    rxjs: ">=7.8.0"
  checksum: e2557d1875fc9a7fcfc919329ce6190ebea28b7f5482c40ff53941148ec183bc707c0887aa8c50eda1f7fd36c77f18ab84c1e4a1d65209131e351ba50f554735
  languageName: node
  linkType: hard

"@polkadot-api/substrate-bindings@npm:0.0.1":
  version: 0.0.1
  resolution: "@polkadot-api/substrate-bindings@npm:0.0.1"
  dependencies:
    "@noble/hashes": "npm:^1.3.1"
    "@polkadot-api/utils": "npm:0.0.1"
    "@scure/base": "npm:^1.1.1"
    scale-ts: "npm:^1.6.0"
  checksum: 1993706a4fb0a93ccdb1ac741a083f3015c26bba180df421cb8cf133e4bc00a222297a368358c5c103ca4229b87ae331dbde450edf98a893b43cfb3f94651e03
  languageName: node
  linkType: hard

"@polkadot-api/substrate-client@npm:0.0.1":
  version: 0.0.1
  resolution: "@polkadot-api/substrate-client@npm:0.0.1"
  checksum: 92dbe76ea434c8ee2ac6c42be2003a1823e7b6d25955981a1410e3c9aab700fa7e4f0871c98cd3eea30ed4388b0ecaf4eaedad111240e17373704152c1faca98
  languageName: node
  linkType: hard

"@polkadot-api/utils@npm:0.0.1":
  version: 0.0.1
  resolution: "@polkadot-api/utils@npm:0.0.1"
  checksum: 531de2bfe0a1a55703bc83abb92e7ecf4862f4840bca64626520eb59a6e49dd136c1ec036cc48fab7be40e00fa84601ba1d84bd746997cb93a1bbce5dcfe7a03
  languageName: node
  linkType: hard

"@polkadot/api-augment@npm:11.2.1, @polkadot/api-augment@npm:^11.1.1":
  version: 11.2.1
  resolution: "@polkadot/api-augment@npm:11.2.1"
  dependencies:
    "@polkadot/api-base": "npm:11.2.1"
    "@polkadot/rpc-augment": "npm:11.2.1"
    "@polkadot/types": "npm:11.2.1"
    "@polkadot/types-augment": "npm:11.2.1"
    "@polkadot/types-codec": "npm:11.2.1"
    "@polkadot/util": "npm:^12.6.2"
    tslib: "npm:^2.6.2"
  checksum: bd1c28d48a4f41c16395b6932b3e7478e7f8e67ad24d5f263be48620445ee8c94327856233b2fcb75f047007529e6ba8b692960f120bd99a52d80b095dda7273
  languageName: node
  linkType: hard

"@polkadot/api-base@npm:11.2.1":
  version: 11.2.1
  resolution: "@polkadot/api-base@npm:11.2.1"
  dependencies:
    "@polkadot/rpc-core": "npm:11.2.1"
    "@polkadot/types": "npm:11.2.1"
    "@polkadot/util": "npm:^12.6.2"
    rxjs: "npm:^7.8.1"
    tslib: "npm:^2.6.2"
  checksum: 2fcf57ce1657387ae3c20cf9a74198ae21636ab8b97daf2bb3f53d51fc0ed8c136a3df57e066e0033ca69b8b1c6ff10b6982435c36734b63d502427748a4dc0b
  languageName: node
  linkType: hard

"@polkadot/api-derive@npm:11.2.1":
  version: 11.2.1
  resolution: "@polkadot/api-derive@npm:11.2.1"
  dependencies:
    "@polkadot/api": "npm:11.2.1"
    "@polkadot/api-augment": "npm:11.2.1"
    "@polkadot/api-base": "npm:11.2.1"
    "@polkadot/rpc-core": "npm:11.2.1"
    "@polkadot/types": "npm:11.2.1"
    "@polkadot/types-codec": "npm:11.2.1"
    "@polkadot/util": "npm:^12.6.2"
    "@polkadot/util-crypto": "npm:^12.6.2"
    rxjs: "npm:^7.8.1"
    tslib: "npm:^2.6.2"
  checksum: c020aa400de51ff957631f85c8e40a3d7d6dbae3d217069d1855deaf2019e0cc1696f433f923e245a11f5109004054674066b8086214945e9de626a35db80b7e
  languageName: node
  linkType: hard

"@polkadot/api@npm:11.2.1, @polkadot/api@npm:^11.1.1":
  version: 11.2.1
  resolution: "@polkadot/api@npm:11.2.1"
  dependencies:
    "@polkadot/api-augment": "npm:11.2.1"
    "@polkadot/api-base": "npm:11.2.1"
    "@polkadot/api-derive": "npm:11.2.1"
    "@polkadot/keyring": "npm:^12.6.2"
    "@polkadot/rpc-augment": "npm:11.2.1"
    "@polkadot/rpc-core": "npm:11.2.1"
    "@polkadot/rpc-provider": "npm:11.2.1"
    "@polkadot/types": "npm:11.2.1"
    "@polkadot/types-augment": "npm:11.2.1"
    "@polkadot/types-codec": "npm:11.2.1"
    "@polkadot/types-create": "npm:11.2.1"
    "@polkadot/types-known": "npm:11.2.1"
    "@polkadot/util": "npm:^12.6.2"
    "@polkadot/util-crypto": "npm:^12.6.2"
    eventemitter3: "npm:^5.0.1"
    rxjs: "npm:^7.8.1"
    tslib: "npm:^2.6.2"
  checksum: be64b38b56626ed59ba7d0171866aecbbf372052d304b417536a62c523ac62e2073a730f97655d2050c0c839bd41b1e73f011551e628a6ea291daa0bf1e52c39
  languageName: node
  linkType: hard

"@polkadot/keyring@npm:^12.6.2":
  version: 12.6.2
  resolution: "@polkadot/keyring@npm:12.6.2"
  dependencies:
    "@polkadot/util": "npm:12.6.2"
    "@polkadot/util-crypto": "npm:12.6.2"
    tslib: "npm:^2.6.2"
  peerDependencies:
    "@polkadot/util": 12.6.2
    "@polkadot/util-crypto": 12.6.2
  checksum: 16b198b072ff22cd9fb0281d1dc1e97a3939eccf268e5e2c9272e85ae90cb6212d248d6b76bf85359351d3d43fd9c8b6f951001485e0d2bcff35b675cb189f3d
  languageName: node
  linkType: hard

"@polkadot/networks@npm:12.6.2, @polkadot/networks@npm:^12.6.2":
  version: 12.6.2
  resolution: "@polkadot/networks@npm:12.6.2"
  dependencies:
    "@polkadot/util": "npm:12.6.2"
    "@substrate/ss58-registry": "npm:^1.44.0"
    tslib: "npm:^2.6.2"
  checksum: 44a482c46900058e6d5b25110cb5396382036057240cd4a8e0dae325fab54e689ec81bc43b047570581f14ce456b67310c05c1fe34c4b7f7d4e064f095f4c276
  languageName: node
  linkType: hard

"@polkadot/rpc-augment@npm:11.2.1":
  version: 11.2.1
  resolution: "@polkadot/rpc-augment@npm:11.2.1"
  dependencies:
    "@polkadot/rpc-core": "npm:11.2.1"
    "@polkadot/types": "npm:11.2.1"
    "@polkadot/types-codec": "npm:11.2.1"
    "@polkadot/util": "npm:^12.6.2"
    tslib: "npm:^2.6.2"
  checksum: 72b1505892353846489403b64b3a1a2001ea98289325d565e7a42d03b2c74d265ac4e9d067310f1b1a0100f5c58ed0ce267c3a80a7d2e6f98850d932db37f67d
  languageName: node
  linkType: hard

"@polkadot/rpc-core@npm:11.2.1":
  version: 11.2.1
  resolution: "@polkadot/rpc-core@npm:11.2.1"
  dependencies:
    "@polkadot/rpc-augment": "npm:11.2.1"
    "@polkadot/rpc-provider": "npm:11.2.1"
    "@polkadot/types": "npm:11.2.1"
    "@polkadot/util": "npm:^12.6.2"
    rxjs: "npm:^7.8.1"
    tslib: "npm:^2.6.2"
  checksum: 817539744e4a9ae7126bd6ee3172a7d4090c824d87ae3f067ead3ff20d3e729dfc14d256db10d25211e428f8fde2a60990d9526863babed2f3567779a17297c2
  languageName: node
  linkType: hard

"@polkadot/rpc-provider@npm:11.2.1":
  version: 11.2.1
  resolution: "@polkadot/rpc-provider@npm:11.2.1"
  dependencies:
    "@polkadot/keyring": "npm:^12.6.2"
    "@polkadot/types": "npm:11.2.1"
    "@polkadot/types-support": "npm:11.2.1"
    "@polkadot/util": "npm:^12.6.2"
    "@polkadot/util-crypto": "npm:^12.6.2"
    "@polkadot/x-fetch": "npm:^12.6.2"
    "@polkadot/x-global": "npm:^12.6.2"
    "@polkadot/x-ws": "npm:^12.6.2"
    "@substrate/connect": "npm:0.8.10"
    eventemitter3: "npm:^5.0.1"
    mock-socket: "npm:^9.3.1"
    nock: "npm:^13.5.0"
    tslib: "npm:^2.6.2"
  dependenciesMeta:
    "@substrate/connect":
      optional: true
  checksum: 54ad5a4ae95c6332b69c9413f5487dcc3a55d5d64cbe0889d7b24692a47fbe7a914950bd522d4a210a934dacd1f68e2f38c2db3e1538b9b7c4667d2d0c6b656c
  languageName: node
  linkType: hard

"@polkadot/types-augment@npm:11.2.1":
  version: 11.2.1
  resolution: "@polkadot/types-augment@npm:11.2.1"
  dependencies:
    "@polkadot/types": "npm:11.2.1"
    "@polkadot/types-codec": "npm:11.2.1"
    "@polkadot/util": "npm:^12.6.2"
    tslib: "npm:^2.6.2"
  checksum: eb7e8e370037dbb0301fbafe80d9355153d929f247f75c2206b1cc4f6e035d30bda546af73b60b810c09ba133505de06b03de11b23243b2ea70e74491b1a5b5d
  languageName: node
  linkType: hard

"@polkadot/types-codec@npm:11.2.1":
  version: 11.2.1
  resolution: "@polkadot/types-codec@npm:11.2.1"
  dependencies:
    "@polkadot/util": "npm:^12.6.2"
    "@polkadot/x-bigint": "npm:^12.6.2"
    tslib: "npm:^2.6.2"
  checksum: a5e65e8350800eb0d4278c821bc811ae37918be24bbbb67dd9db956cf3251e6f4adcf48b50ffe044e0366a2dd08c0983254e67c4b7f9e8c698fc5469d20ea5c0
  languageName: node
  linkType: hard

"@polkadot/types-create@npm:11.2.1":
  version: 11.2.1
  resolution: "@polkadot/types-create@npm:11.2.1"
  dependencies:
    "@polkadot/types-codec": "npm:11.2.1"
    "@polkadot/util": "npm:^12.6.2"
    tslib: "npm:^2.6.2"
  checksum: a9fa6ddc4b4c70d68d096503488bde59d5593d64a91596de38f41fb02d2fd5a8df4e283c201dd07731094efa2d05ff1f401963ec34ec3d43bb13e76be56a19b1
  languageName: node
  linkType: hard

"@polkadot/types-known@npm:11.2.1":
  version: 11.2.1
  resolution: "@polkadot/types-known@npm:11.2.1"
  dependencies:
    "@polkadot/networks": "npm:^12.6.2"
    "@polkadot/types": "npm:11.2.1"
    "@polkadot/types-codec": "npm:11.2.1"
    "@polkadot/types-create": "npm:11.2.1"
    "@polkadot/util": "npm:^12.6.2"
    tslib: "npm:^2.6.2"
  checksum: 271d442c7471aa2a586a326413eb3a2aa59c72ccfef5939bc3b770d125f44734724de37da8d2e98d6c68e17c14cd6f6af42d7a19d1def0b8e012442393df843a
  languageName: node
  linkType: hard

"@polkadot/types-support@npm:11.2.1":
  version: 11.2.1
  resolution: "@polkadot/types-support@npm:11.2.1"
  dependencies:
    "@polkadot/util": "npm:^12.6.2"
    tslib: "npm:^2.6.2"
  checksum: 9c6a2f1f6d5a5bdc30e51a7a27294c4c9debcb51dbae23e5b9c8bedfe33d024eca3d3ff4b4c94ba5ec7cb687c57b2ef1dac634ad7f5064eb8c2d30a465341086
  languageName: node
  linkType: hard

"@polkadot/types@npm:11.2.1":
  version: 11.2.1
  resolution: "@polkadot/types@npm:11.2.1"
  dependencies:
    "@polkadot/keyring": "npm:^12.6.2"
    "@polkadot/types-augment": "npm:11.2.1"
    "@polkadot/types-codec": "npm:11.2.1"
    "@polkadot/types-create": "npm:11.2.1"
    "@polkadot/util": "npm:^12.6.2"
    "@polkadot/util-crypto": "npm:^12.6.2"
    rxjs: "npm:^7.8.1"
    tslib: "npm:^2.6.2"
  checksum: 2754f81b06421747632c1deef011698323673c8769cc6b9af8bfdd368a5a3c011fec442ee405bea81ac0834af78fc360645c3c4071250224ffeba2950d1f2d54
  languageName: node
  linkType: hard

"@polkadot/util-crypto@npm:12.6.2, @polkadot/util-crypto@npm:^12.6.2":
  version: 12.6.2
  resolution: "@polkadot/util-crypto@npm:12.6.2"
  dependencies:
    "@noble/curves": "npm:^1.3.0"
    "@noble/hashes": "npm:^1.3.3"
    "@polkadot/networks": "npm:12.6.2"
    "@polkadot/util": "npm:12.6.2"
    "@polkadot/wasm-crypto": "npm:^7.3.2"
    "@polkadot/wasm-util": "npm:^7.3.2"
    "@polkadot/x-bigint": "npm:12.6.2"
    "@polkadot/x-randomvalues": "npm:12.6.2"
    "@scure/base": "npm:^1.1.5"
    tslib: "npm:^2.6.2"
  peerDependencies:
    "@polkadot/util": 12.6.2
  checksum: b25f1574a2d4298c32b7a3cf3fa9f1b1237af3cc9e4ac16e75840097e9bcea11c8188abd5c46522d46d350edceb1e3e54fe8cbb01111e4eb643df4040ff41e2a
  languageName: node
  linkType: hard

"@polkadot/util@npm:12.6.2, @polkadot/util@npm:^12.6.2":
  version: 12.6.2
  resolution: "@polkadot/util@npm:12.6.2"
  dependencies:
    "@polkadot/x-bigint": "npm:12.6.2"
    "@polkadot/x-global": "npm:12.6.2"
    "@polkadot/x-textdecoder": "npm:12.6.2"
    "@polkadot/x-textencoder": "npm:12.6.2"
    "@types/bn.js": "npm:^5.1.5"
    bn.js: "npm:^5.2.1"
    tslib: "npm:^2.6.2"
  checksum: e426d31f8a6b8e8c57b86c18b419312906c5a169e5b2d89c15b54a5d6cf297912250d336f81926e07511ce825d36222d9e6387a01240aa6a20b11aa25dc8226a
  languageName: node
  linkType: hard

"@polkadot/wasm-bridge@npm:7.3.2":
  version: 7.3.2
  resolution: "@polkadot/wasm-bridge@npm:7.3.2"
  dependencies:
    "@polkadot/wasm-util": "npm:7.3.2"
    tslib: "npm:^2.6.2"
  peerDependencies:
    "@polkadot/util": "*"
    "@polkadot/x-randomvalues": "*"
  checksum: 8becfcd4efbabe8ea536c353164c8b767a5510d6d62e376813ab1dc0dd4560906f1dfdb1b349d56b4da657ba7c88bc9f074b658218dcae9b1edbd36f4508b710
  languageName: node
  linkType: hard

"@polkadot/wasm-crypto-asmjs@npm:7.3.2":
  version: 7.3.2
  resolution: "@polkadot/wasm-crypto-asmjs@npm:7.3.2"
  dependencies:
    tslib: "npm:^2.6.2"
  peerDependencies:
    "@polkadot/util": "*"
  checksum: c4eb0b2c6bae2cd7b4ada5211c877a0f0cff4d4a4f2716817430c5aab74f4e8d37099add57c809a098033028378ed3e88ba1c56fd85b6fd0a80b181742f7a3f9
  languageName: node
  linkType: hard

"@polkadot/wasm-crypto-init@npm:7.3.2":
  version: 7.3.2
  resolution: "@polkadot/wasm-crypto-init@npm:7.3.2"
  dependencies:
    "@polkadot/wasm-bridge": "npm:7.3.2"
    "@polkadot/wasm-crypto-asmjs": "npm:7.3.2"
    "@polkadot/wasm-crypto-wasm": "npm:7.3.2"
    "@polkadot/wasm-util": "npm:7.3.2"
    tslib: "npm:^2.6.2"
  peerDependencies:
    "@polkadot/util": "*"
    "@polkadot/x-randomvalues": "*"
  checksum: 4813a87bf44065d4ec7cdc29b00f37cc6859974969710c6a6fefba8e42f5bb0c7e102293a8418b1c6e1b5fd55540d13beebdff777200b69420ce50b8fad803ed
  languageName: node
  linkType: hard

"@polkadot/wasm-crypto-wasm@npm:7.3.2":
  version: 7.3.2
  resolution: "@polkadot/wasm-crypto-wasm@npm:7.3.2"
  dependencies:
    "@polkadot/wasm-util": "npm:7.3.2"
    tslib: "npm:^2.6.2"
  peerDependencies:
    "@polkadot/util": "*"
  checksum: 546ebc5c42929f2f37565190014ff26f6817024e087c56053c1d8c1dcffd1f02014c4638ca70c79145d540f760339699209bb1dc939c235085a7c78efd56bc60
  languageName: node
  linkType: hard

"@polkadot/wasm-crypto@npm:^7.3.2":
  version: 7.3.2
  resolution: "@polkadot/wasm-crypto@npm:7.3.2"
  dependencies:
    "@polkadot/wasm-bridge": "npm:7.3.2"
    "@polkadot/wasm-crypto-asmjs": "npm:7.3.2"
    "@polkadot/wasm-crypto-init": "npm:7.3.2"
    "@polkadot/wasm-crypto-wasm": "npm:7.3.2"
    "@polkadot/wasm-util": "npm:7.3.2"
    tslib: "npm:^2.6.2"
  peerDependencies:
    "@polkadot/util": "*"
    "@polkadot/x-randomvalues": "*"
  checksum: ff3ef6a2a4dcbbdeb257e7a42f906f1bb7e31292600482c1acf9267406011ea75bd9d3d6ceaf4c011f986e25a2416768775ee59ccc7dbfa6c529b11b8ea91eb4
  languageName: node
  linkType: hard

"@polkadot/wasm-util@npm:7.3.2, @polkadot/wasm-util@npm:^7.3.2":
  version: 7.3.2
  resolution: "@polkadot/wasm-util@npm:7.3.2"
  dependencies:
    tslib: "npm:^2.6.2"
  peerDependencies:
    "@polkadot/util": "*"
  checksum: 58ef58d357e7983c3bb4008b0159262d5c588234d7be64155c031f452fc0daeb078ff0ac8bb4b0377dac307130b0b548c01fd466968869ed308d50e2c162d23b
  languageName: node
  linkType: hard

"@polkadot/x-bigint@npm:12.6.2, @polkadot/x-bigint@npm:^12.6.2":
  version: 12.6.2
  resolution: "@polkadot/x-bigint@npm:12.6.2"
  dependencies:
    "@polkadot/x-global": "npm:12.6.2"
    tslib: "npm:^2.6.2"
  checksum: 78123efa2a5fad7fccb79dbe0c44f5506b70405a2b9b1dc9db9450ddd2f01791b011a46c9fff31ed8b21aace6f676179c4b7746c97ca254e8822bcf543e4d779
  languageName: node
  linkType: hard

"@polkadot/x-fetch@npm:^12.6.2":
  version: 12.6.2
  resolution: "@polkadot/x-fetch@npm:12.6.2"
  dependencies:
    "@polkadot/x-global": "npm:12.6.2"
    node-fetch: "npm:^3.3.2"
    tslib: "npm:^2.6.2"
  checksum: c4e34c28f4374db3b6795b31f63434b4241896a82cd1a0aa81196c7dbe8aa345069a39d27d5c3af214d8d2824154c6fe1fcbe9cb22af32f9a2c3fd22dc4b8583
  languageName: node
  linkType: hard

"@polkadot/x-global@npm:12.6.2, @polkadot/x-global@npm:^12.6.2":
  version: 12.6.2
  resolution: "@polkadot/x-global@npm:12.6.2"
  dependencies:
    tslib: "npm:^2.6.2"
  checksum: 63738eb46465e3e43151d746321c178131385a734e1d3865fc76667fec9d4b1fb8b35a0d8ee75834035b54a4047e0bae86c4f2e465b16c73d4fc15ec4426446f
  languageName: node
  linkType: hard

"@polkadot/x-randomvalues@npm:12.6.2":
  version: 12.6.2
  resolution: "@polkadot/x-randomvalues@npm:12.6.2"
  dependencies:
    "@polkadot/x-global": "npm:12.6.2"
    tslib: "npm:^2.6.2"
  peerDependencies:
    "@polkadot/util": 12.6.2
    "@polkadot/wasm-util": "*"
  checksum: 44920ec7a93ca0b5b0d2abae493fe5a9fb8cdb44b70029d431c1244a11dea0a9f14d216b4d14bde8b984199b9dd364a3ae68b51937784645343f686b3613c223
  languageName: node
  linkType: hard

"@polkadot/x-textdecoder@npm:12.6.2":
  version: 12.6.2
  resolution: "@polkadot/x-textdecoder@npm:12.6.2"
  dependencies:
    "@polkadot/x-global": "npm:12.6.2"
    tslib: "npm:^2.6.2"
  checksum: d1aa46dc0c4f88bce3cb7aaadbede99c2fb159c0fd317fb9fe5b54bdbb83da9cce3a5d628e25892028b34cc4eeef72669c344f0af12e21f05429142cc7b4732d
  languageName: node
  linkType: hard

"@polkadot/x-textencoder@npm:12.6.2":
  version: 12.6.2
  resolution: "@polkadot/x-textencoder@npm:12.6.2"
  dependencies:
    "@polkadot/x-global": "npm:12.6.2"
    tslib: "npm:^2.6.2"
  checksum: fa234ce4d164991ea98f34e9eae2adf0c4d2b0806e2e30b11c41a52b432f8cbd91fb16945243809fd9433c513b8c7ab4c16d902b92faf7befaa523daae7459f4
  languageName: node
  linkType: hard

"@polkadot/x-ws@npm:^12.6.2":
  version: 12.6.2
  resolution: "@polkadot/x-ws@npm:12.6.2"
  dependencies:
    "@polkadot/x-global": "npm:12.6.2"
    tslib: "npm:^2.6.2"
    ws: "npm:^8.15.1"
  checksum: 15565803a34aa7d6654c4c05725f5f44e504caa69f590523c5569fcbd66cf1e467de03e3e13a4d71bb60efceb28c60fd5719bee5efd721c020cf470025bbeb29
  languageName: node
  linkType: hard

"@scure/base@npm:^1.1.1, @scure/base@npm:^1.1.5":
  version: 1.1.6
  resolution: "@scure/base@npm:1.1.6"
  checksum: 237a46a1f45391fc57719154f14295db936a0b1562ea3e182dd42d7aca082dbb7062a28d6c49af16a7e478b12dae8a0fe678d921ea5056bcc30238d29eb05c55
  languageName: node
  linkType: hard

"@substrate/connect-extension-protocol@npm:^2.0.0":
  version: 2.0.0
  resolution: "@substrate/connect-extension-protocol@npm:2.0.0"
  checksum: 14a7c96b49e686dbc710214abe0fe312a366011a3521952f2317684e2463d75d54080fe358bdd8ff8d972c9de7f0e7f508dfc5210cf694574943dd8ecc490e89
  languageName: node
  linkType: hard

"@substrate/connect-known-chains@npm:^1.1.4":
  version: 1.1.5
  resolution: "@substrate/connect-known-chains@npm:1.1.5"
  checksum: b3b08eabcbddecb058125bd133d929b455dde8fc78ee54eff8ee4646f469d7b5d2c61465c393bdc9686152ceeaa263cf0a8e057b1e3732a182f724d75c5cceae
  languageName: node
  linkType: hard

"@substrate/connect@npm:0.8.10":
  version: 0.8.10
  resolution: "@substrate/connect@npm:0.8.10"
  dependencies:
    "@substrate/connect-extension-protocol": "npm:^2.0.0"
    "@substrate/connect-known-chains": "npm:^1.1.4"
    "@substrate/light-client-extension-helpers": "npm:^0.0.6"
    smoldot: "npm:2.0.22"
  checksum: 7760b38bb84f6d89dad21dfb38c4c1fbe5203d5ae6c183ce229d2b2144e0249c4487cfe3c0a1aefab1f3d9284f2b0b5246d8e0ffc318e27537ae30dd860d78d3
  languageName: node
  linkType: hard

"@substrate/light-client-extension-helpers@npm:^0.0.6":
  version: 0.0.6
  resolution: "@substrate/light-client-extension-helpers@npm:0.0.6"
  dependencies:
    "@polkadot-api/json-rpc-provider": "npm:0.0.1"
    "@polkadot-api/json-rpc-provider-proxy": "npm:0.0.1"
    "@polkadot-api/observable-client": "npm:0.1.0"
    "@polkadot-api/substrate-client": "npm:0.0.1"
    "@substrate/connect-extension-protocol": "npm:^2.0.0"
    "@substrate/connect-known-chains": "npm:^1.1.4"
    rxjs: "npm:^7.8.1"
  peerDependencies:
    smoldot: 2.x
  checksum: b48083b64c359a2dcec4268f189e0edc6ff4af14a8e534933bcd03a96fe341d0849d979b7e181d857f895951ebf5d90df53b06c67b005581f5d09f2bd67e2d27
  languageName: node
  linkType: hard

"@substrate/ss58-registry@npm:^1.44.0":
  version: 1.48.0
  resolution: "@substrate/ss58-registry@npm:1.48.0"
  checksum: b2ff1bd7688a3f72353f05dd47676a0127be346d0516a0dd2214118d4085637e35a37b115f4bd9101772a9723f6111e4e77dc008cf69ad45b64c806de419547c
  languageName: node
  linkType: hard

"@types/bn.js@npm:^5.1.5":
  version: 5.1.5
  resolution: "@types/bn.js@npm:5.1.5"
  dependencies:
    "@types/node": "npm:*"
  checksum: e9f375b43d8119ed82aed2090f83d4cda8afbb63ba13223afb02fa7550258ff90acd76d65cd7186838644048f085241cd98a3a512d8d187aa497c6039c746ac8
  languageName: node
  linkType: hard

"@types/node@npm:*":
  version: 20.14.2
  resolution: "@types/node@npm:20.14.2"
  dependencies:
    undici-types: "npm:~5.26.4"
  checksum: 2d86e5f2227aaa42212e82ea0affe72799111b888ff900916376450b02b09b963ca888b20d9c332d8d2b833ed4781987867a38eaa2e4863fa8439071468b0a6f
  languageName: node
  linkType: hard

"batchmint@workspace:.":
  version: 0.0.0-use.local
  resolution: "batchmint@workspace:."
  dependencies:
    "@gear-js/api": "npm:^0.38.1"
    "@polkadot/api": "npm:^11.1.1"
    "@polkadot/api-augment": "npm:^11.1.1"
    bignumber.js: "npm:9.1.2"
    readline: "npm:^1.3.0"
  languageName: unknown
  linkType: soft

"bignumber.js@npm:9.1.2":
  version: 9.1.2
  resolution: "bignumber.js@npm:9.1.2"
  checksum: e17786545433f3110b868725c449fa9625366a6e675cd70eb39b60938d6adbd0158cb4b3ad4f306ce817165d37e63f4aa3098ba4110db1d9a3b9f66abfbaf10d
  languageName: node
  linkType: hard

"bn.js@npm:^5.2.1":
  version: 5.2.1
  resolution: "bn.js@npm:5.2.1"
  checksum: bed3d8bd34ec89dbcf9f20f88bd7d4a49c160fda3b561c7bb227501f974d3e435a48fb9b61bc3de304acab9215a3bda0803f7017ffb4d0016a0c3a740a283caa
  languageName: node
  linkType: hard

"data-uri-to-buffer@npm:^4.0.0":
  version: 4.0.1
  resolution: "data-uri-to-buffer@npm:4.0.1"
  checksum: 20a6b93107597530d71d4cb285acee17f66bcdfc03fd81040921a81252f19db27588d87fc8fc69e1950c55cfb0bf8ae40d0e5e21d907230813eb5d5a7f9eb45b
  languageName: node
  linkType: hard

"debug@npm:^4.1.0":
  version: 4.3.5
  resolution: "debug@npm:4.3.5"
  dependencies:
    ms: "npm:2.1.2"
  peerDependenciesMeta:
    supports-color:
      optional: true
  checksum: 082c375a2bdc4f4469c99f325ff458adad62a3fc2c482d59923c260cb08152f34e2659f72b3767db8bb2f21ca81a60a42d1019605a412132d7b9f59363a005cc
  languageName: node
  linkType: hard

"eventemitter3@npm:^5.0.1":
  version: 5.0.1
  resolution: "eventemitter3@npm:5.0.1"
  checksum: 4ba5c00c506e6c786b4d6262cfbce90ddc14c10d4667e5c83ae993c9de88aa856033994dd2b35b83e8dc1170e224e66a319fa80adc4c32adcd2379bbc75da814
  languageName: node
  linkType: hard

"fetch-blob@npm:^3.1.2, fetch-blob@npm:^3.1.4":
  version: 3.2.0
  resolution: "fetch-blob@npm:3.2.0"
  dependencies:
    node-domexception: "npm:^1.0.0"
    web-streams-polyfill: "npm:^3.0.3"
  checksum: 60054bf47bfa10fb0ba6cb7742acec2f37c1f56344f79a70bb8b1c48d77675927c720ff3191fa546410a0442c998d27ab05e9144c32d530d8a52fbe68f843b69
  languageName: node
  linkType: hard

"formdata-polyfill@npm:^4.0.10":
  version: 4.0.10
  resolution: "formdata-polyfill@npm:4.0.10"
  dependencies:
    fetch-blob: "npm:^3.1.2"
  checksum: 5392ec484f9ce0d5e0d52fb5a78e7486637d516179b0eb84d81389d7eccf9ca2f663079da56f761355c0a65792810e3b345dc24db9a8bbbcf24ef3c8c88570c6
  languageName: node
  linkType: hard

"json-stringify-safe@npm:^5.0.1":
  version: 5.0.1
  resolution: "json-stringify-safe@npm:5.0.1"
  checksum: 7dbf35cd0411d1d648dceb6d59ce5857ec939e52e4afc37601aa3da611f0987d5cee5b38d58329ceddf3ed48bd7215229c8d52059ab01f2444a338bf24ed0f37
  languageName: node
  linkType: hard

"mock-socket@npm:^9.3.1":
  version: 9.3.1
  resolution: "mock-socket@npm:9.3.1"
  checksum: 0c53baa4acca12ed1ff9bddfdd4bc0cabe0fc96a3ed25a42a00d23b7a111eb6edfc2b44d93aef9a0c93a4a000b4d2d8dcff028488cd2a1e9cc416477ee341ce0
  languageName: node
  linkType: hard

"ms@npm:2.1.2":
  version: 2.1.2
  resolution: "ms@npm:2.1.2"
  checksum: a437714e2f90dbf881b5191d35a6db792efbca5badf112f87b9e1c712aace4b4b9b742dd6537f3edf90fd6f684de897cec230abde57e87883766712ddda297cc
  languageName: node
  linkType: hard

"nock@npm:^13.5.0":
  version: 13.5.4
  resolution: "nock@npm:13.5.4"
  dependencies:
    debug: "npm:^4.1.0"
    json-stringify-safe: "npm:^5.0.1"
    propagate: "npm:^2.0.0"
  checksum: 9ca47d9d7e4b1f4adf871d7ca12722f8ef1dc7d2b9610b2568f5d9264eae9f424baa24fd9d91da9920b360d641b4243e89de198bd22c061813254a99cc6252af
  languageName: node
  linkType: hard

"node-domexception@npm:^1.0.0":
  version: 1.0.0
  resolution: "node-domexception@npm:1.0.0"
  checksum: 5e5d63cda29856402df9472335af4bb13875e1927ad3be861dc5ebde38917aecbf9ae337923777af52a48c426b70148815e890a5d72760f1b4d758cc671b1a2b
  languageName: node
  linkType: hard

"node-fetch@npm:^3.3.2":
  version: 3.3.2
  resolution: "node-fetch@npm:3.3.2"
  dependencies:
    data-uri-to-buffer: "npm:^4.0.0"
    fetch-blob: "npm:^3.1.4"
    formdata-polyfill: "npm:^4.0.10"
  checksum: f3d5e56190562221398c9f5750198b34cf6113aa304e34ee97c94fd300ec578b25b2c2906edba922050fce983338fde0d5d34fcb0fc3336ade5bd0e429ad7538
  languageName: node
  linkType: hard

"propagate@npm:^2.0.0":
  version: 2.0.1
  resolution: "propagate@npm:2.0.1"
  checksum: 01e1023b60ae4050d1a2783f976d7db702022dbdb70dba797cceedad8cfc01b3939c41e77032f8c32aa9d93192fe937ebba1345e8604e5ce61fd3b62ee3003b8
  languageName: node
  linkType: hard

"readline@npm:^1.3.0":
  version: 1.3.0
  resolution: "readline@npm:1.3.0"
  checksum: 7404c9edc3fd29430221ef1830867c8d87e50612e4ce70f84ecd55686f7db1c81d67c6a4dcb407839f4c459ad05dd34524a2c7a97681e91878367c68d0e38665
  languageName: node
  linkType: hard

"rxjs@npm:^7.8.1":
  version: 7.8.1
  resolution: "rxjs@npm:7.8.1"
  dependencies:
    tslib: "npm:^2.1.0"
  checksum: 3c49c1ecd66170b175c9cacf5cef67f8914dcbc7cd0162855538d365c83fea631167cacb644b3ce533b2ea0e9a4d0b12175186985f89d75abe73dbd8f7f06f68
  languageName: node
  linkType: hard

"scale-ts@npm:^1.6.0":
  version: 1.6.0
  resolution: "scale-ts@npm:1.6.0"
  checksum: ce4ea3559c6b6bdf2a62454aac83cc3151ae93d1a507ddb8e95e83ce1190085aed61c46901bd42d41d8f8ba58279d7e37057c68c2b674c2d39b8cf5d169e90dd
  languageName: node
  linkType: hard

"smoldot@npm:2.0.22":
  version: 2.0.22
  resolution: "smoldot@npm:2.0.22"
  dependencies:
    ws: "npm:^8.8.1"
  checksum: fa439bebfe0d0d46e4da342a313d0653fd56557b6459b5ba3db1fd6bcfb345e9d9577c27e1f6692e67dec0206addb95de6b594c17041729f5689b4b123974495
  languageName: node
  linkType: hard

"tslib@npm:^2.1.0, tslib@npm:^2.6.2":
  version: 2.6.3
  resolution: "tslib@npm:2.6.3"
  checksum: 2598aef53d9dbe711af75522464b2104724d6467b26a60f2bdac8297d2b5f1f6b86a71f61717384aa8fd897240467aaa7bcc36a0700a0faf751293d1331db39a
  languageName: node
  linkType: hard

"undici-types@npm:~5.26.4":
  version: 5.26.5
  resolution: "undici-types@npm:5.26.5"
  checksum: bb673d7876c2d411b6eb6c560e0c571eef4a01c1c19925175d16e3a30c4c428181fb8d7ae802a261f283e4166a0ac435e2f505743aa9e45d893f9a3df017b501
  languageName: node
  linkType: hard

"web-streams-polyfill@npm:^3.0.3":
  version: 3.3.3
  resolution: "web-streams-polyfill@npm:3.3.3"
  checksum: 64e855c47f6c8330b5436147db1c75cb7e7474d924166800e8e2aab5eb6c76aac4981a84261dd2982b3e754490900b99791c80ae1407a9fa0dcff74f82ea3a7f
  languageName: node
  linkType: hard

"ws@npm:^8.15.1, ws@npm:^8.8.1":
  version: 8.17.0
  resolution: "ws@npm:8.17.0"
  peerDependencies:
    bufferutil: ^4.0.1
    utf-8-validate: ">=5.0.2"
  peerDependenciesMeta:
    bufferutil:
      optional: true
    utf-8-validate:
      optional: true
  checksum: 55241ec93a66fdfc4bf4f8bc66c8eb038fda2c7a4ee8f6f157f2ca7dc7aa76aea0c0da0bf3adb2af390074a70a0e45456a2eaf80e581e630b75df10a64b0a990
  languageName: node
  linkType: hard
